
Microsoft Visual Studio Solution File, Format Version 12.00
# Visual Studio Version 17
VisualStudioVersion = 17.5.33516.290
MinimumVisualStudioVersion = 10.0.40219.1
Project("{FAE04EC0-301F-11D3-BF4B-00C04F79EFBC}") = "CRUDFilePersistence", "CRUDFilePersistence\CRUDFilePersistence.csproj", "{4BBDF836-D69E-45EA-977E-4879ABBDBF78}"
EndProject
Global
	GlobalSection(SolutionConfigurationPlatforms) = preSolution
		Debug|Any CPU = Debug|Any CPU
		Release|Any CPU = Release|Any CPU
	EndGlobalSection
	GlobalSection(ProjectConfigurationPlatforms) = postSolution
		{4BBDF836-D69E-45EA-977E-4879ABBDBF78}.Debug|Any CPU.ActiveCfg = Debug|Any CPU
		{4BBDF836-D69E-45EA-977E-4879ABBDBF78}.Debug|Any CPU.Build.0 = Debug|Any CPU
		{4BBDF836-D69E-45EA-977E-4879ABBDBF78}.Release|Any CPU.ActiveCfg = Release|Any CPU
		{4BBDF836-D69E-45EA-977E-4879ABBDBF78}.Release|Any CPU.Build.0 = Release|Any CPU
	EndGlobalSection
	GlobalSection(SolutionProperties) = preSolution
		HideSolutionNode = FALSE
	EndGlobalSection
	GlobalSection(ExtensibilityGlobals) = postSolution
		SolutionGuid = {7F6723EE-7FBD-4D0D-8666-9DBCE5273B69}
	EndGlobalSection
EndGlobal
